
Microsoft Visual Studio Solution File, Format Version 12.00
# Visual Studio Version 16
VisualStudioVersion = 16.0.32407.337
MinimumVisualStudioVersion = 10.0.40219.1
Project("{FAE04EC0-301F-11D3-BF4B-00C04F79EFBC}") = "Bikash.BookStores", "Bikash.BookStores\Bikash.BookStores.csproj", "{CD7DD5DC-E93F-42BC-8773-4365A76DADC7}"
EndProject
Global
	GlobalSection(SolutionConfigurationPlatforms) = preSolution
		Debug|Any CPU = Debug|Any CPU
		Release|Any CPU = Release|Any CPU
	EndGlobalSection
	GlobalSection(ProjectConfigurationPlatforms) = postSolution
		{CD7DD5DC-E93F-42BC-8773-4365A76DADC7}.Debug|Any CPU.ActiveCfg = Debug|Any CPU
		{CD7DD5DC-E93F-42BC-8773-4365A76DADC7}.Debug|Any CPU.Build.0 = Debug|Any CPU
		{CD7DD5DC-E93F-42BC-8773-4365A76DADC7}.Release|Any CPU.ActiveCfg = Release|Any CPU
		{CD7DD5DC-E93F-42BC-8773-4365A76DADC7}.Release|Any CPU.Build.0 = Release|Any CPU
	EndGlobalSection
	GlobalSection(SolutionProperties) = preSolution
		HideSolutionNode = FALSE
	EndGlobalSection
	GlobalSection(ExtensibilityGlobals) = postSolution
		SolutionGuid = {C15BB6E0-2050-49C7-8373-23BF30DB59CB}
	EndGlobalSection
EndGlobal
